GEM
  remote: https://rubygems.org/
  specs:
    dotenv (2.8.1)
    faraday (2.14.0)
      faraday-net_http (>= 2.0, < 3.5)
      json
      logger
    faraday-mashify (1.0.1)
      faraday (~> 2.0)
      hashie
    faraday-multipart (1.1.1)
      multipart-post (~> 2.0)
    faraday-net_http (3.4.2)
      net-http (~> 0.5)
    gli (2.22.2)
      ostruct
    hashie (5.0.0)
    json (2.18.0)
    logger (1.7.0)
    mini_portile2 (2.8.9)
    multipart-post (2.4.1)
    net-http (0.8.0)
      uri (>= 0.11.1)
    ostruct (0.6.3)
    slack-ruby-client (2.7.0)
      faraday (>= 2.0.1)
      faraday-mashify
      faraday-multipart
      gli
      hashie
      logger
    sqlite3 (1.7.3)
      mini_portile2 (~> 2.8.0)
    uri (1.1.1)

PLATFORMS
  arm64-darwin-24
  ruby

DEPENDENCIES
  dotenv (~> 2.8)
  slack-ruby-client (~> 2.0)
  sqlite3 (~> 1.6)

BUNDLED WITH
   2.7.2
